
Microsoft Visual Studio Solution File, Format Version 12.00
# Visual Studio Version 16
VisualStudioVersion = 16.0.32901.82
MinimumVisualStudioVersion = 10.0.40219.1
Project("{FAE04EC0-301F-11D3-BF4B-00C04F79EFBC}") = "dataGridView", "dataGridView\dataGridView.csproj", "{2888F78C-5625-42CD-995B-98DC6176C94A}"
EndProject
Global
	GlobalSection(SolutionConfigurationPlatforms) = preSolution
		Debug|Any CPU = Debug|Any CPU
		Release|Any CPU = Release|Any CPU
	EndGlobalSection
	GlobalSection(ProjectConfigurationPlatforms) = postSolution
		{2888F78C-5625-42CD-995B-98DC6176C94A}.Debug|Any CPU.ActiveCfg = Debug|Any CPU
		{2888F78C-5625-42CD-995B-98DC6176C94A}.Debug|Any CPU.Build.0 = Debug|Any CPU
		{2888F78C-5625-42CD-995B-98DC6176C94A}.Release|Any CPU.ActiveCfg = Release|Any CPU
		{2888F78C-5625-42CD-995B-98DC6176C94A}.Release|Any CPU.Build.0 = Release|Any CPU
	EndGlobalSection
	GlobalSection(SolutionProperties) = preSolution
		HideSolutionNode = FALSE
	EndGlobalSection
	GlobalSection(ExtensibilityGlobals) = postSolution
		SolutionGuid = {E123EA99-757A-42FD-8990-876223045DE2}
	EndGlobalSection
EndGlobal
